// !$*UTF8*$!
{
	archiveVersion = 1;
	classes = {
	};
	objectVersion = 77;
	objects = {

/* Begin PBXBuildFile section */
		FA70DC0E2DB4EF76006976BA /* KeychainAccess in Frameworks */ = {isa = PBXBuildFile; productRef = FA70DC0D2DB4EF76006976BA /* KeychainAccess */; };
		FAC6CF8A2DB6198F00D17447 /* Algorithms in Frameworks */ = {isa = PBXBuildFile; productRef = FAC6CF892DB6198F00D17447 /* Algorithms */; };
		FAC6CF8E2DB61A2F00D17447 /* OpenAPIRuntime in Frameworks */ = {isa = PBXBuildFile; productRef = FAC6CF8D2DB61A2F00D17447 /* OpenAPIRuntime */; };
		FAC6CF912DB61A4100D17447 /* OpenAPIURLSession in Frameworks */ = {isa = PBXBuildFile; productRef = FAC6CF902DB61A4100D17447 /* OpenAPIURLSession */; };
/* End PBXBuildFile section */

/* Begin PBXContainerItemProxy section */
		FA12D4D82DA90AB90089F025 /* PBXContainerItemProxy */ = {
			isa = PBXContainerItemProxy;
			containerPortal = FA12D4C22DA90AB80089F025 /* Project object */;
			proxyType = 1;
			remoteGlobalIDString = FA12D4C92DA90AB80089F025;
			remoteInfo = scale;
		};
		FA12D4E22DA90AB90089F025 /* PBXContainerItemProxy */ = {
			isa = PBXContainerItemProxy;
			containerPortal = FA12D4C22DA90AB80089F025 /* Project object */;
			proxyType = 1;
			remoteGlobalIDString = FA12D4C92DA90AB80089F025;
			remoteInfo = scale;
		};
/* End PBXContainerItemProxy section */

/* Begin PBXFileReference section */
		FA12D4CA2DA90AB80089F025 /* scale.app */ = {isa = PBXFileReference; explicitFileType = wrapper.application; includeInIndex = 0; path = scale.app; sourceTree = BUILT_PRODUCTS_DIR; };
		FA12D4D72DA90AB90089F025 /* scaleTests.xctest */ = {isa = PBXFileReference; explicitFileType = wrapper.cfbundle; includeInIndex = 0; path = scaleTests.xctest; sourceTree = BUILT_PRODUCTS_DIR; };
		FA12D4E12DA90AB90089F025 /* scaleUITests.xctest */ = {isa = PBXFileReference; explicitFileType = wrapper.cfbundle; includeInIndex = 0; path = scaleUITests.xctest; sourceTree = BUILT_PRODUCTS_DIR; };
/* End PBXFileReference section */

/* Begin PBXFileSystemSynchronizedRootGroup section */
		FA12D4CC2DA90AB80089F025 /* scale */ = {
			isa = PBXFileSystemSynchronizedRootGroup;
			path = scale;
			sourceTree = "<group>";
		};
		FA12D4DA2DA90AB90089F025 /* scaleTests */ = {
			isa = PBXFileSystemSynchronizedRootGroup;
			path = scaleTests;
			sourceTree = "<group>";
		};
		FA12D4E42DA90AB90089F025 /* scaleUITests */ = {
			isa = PBXFileSystemSynchronizedRootGroup;
			path = scaleUITests;
			sourceTree = "<group>";
		};
/* End PBXFileSystemSynchronizedRootGroup section */

/* Begin PBXFrameworksBuildPhase section */
		FA12D4C72DA90AB80089F025 /* Frameworks */ = {
			isa = PBXFrameworksBuildPhase;
			buildActionMask = 2147483647;
			files = (
				FAC6CF912DB61A4100D17447 /* OpenAPIURLSession in Frameworks */,
				FAC6CF8A2DB6198F00D17447 /* Algorithms in Frameworks */,
				FAC6CF8E2DB61A2F00D17447 /* OpenAPIRuntime in Frameworks */,
				FA70DC0E2DB4EF76006976BA /* KeychainAccess in Frameworks */,
			);
			runOnlyForDeploymentPostprocessing = 0;
		};
		FA12D4D42DA90AB90089F025 /* Frameworks */ = {
			isa = PBXFrameworksBuildPhase;
			buildActionMask = 2147483647;
			files = (
			);
			runOnlyForDeploymentPostprocessing = 0;
		};
		FA12D4DE2DA90AB90089F025 /* Frameworks */ = {
			isa = PBXFrameworksBuildPhase;
			buildActionMask = 2147483647;
			files = (
			);
			runOnlyForDeploymentPostprocessing = 0;
		};
/* End PBXFrameworksBuildPhase section */

/* Begin PBXGroup section */
		FA12D4C12DA90AB80089F025 = {
			isa = PBXGroup;
			children = (
				FA12D4CC2DA90AB80089F025 /* scale */,
				FA12D4DA2DA90AB90089F025 /* scaleTests */,
				FA12D4E42DA90AB90089F025 /* scaleUITests */,
				FA12D4CB2DA90AB80089F025 /* Products */,
			);
			sourceTree = "<group>";
		};
		FA12D4CB2DA90AB80089F025 /* Products */ = {
			isa = PBXGroup;
			children = (
				FA12D4CA2DA90AB80089F025 /* scale.app */,
				FA12D4D72DA90AB90089F025 /* scaleTests.xctest */,
				FA12D4E12DA90AB90089F025 /* scaleUITests.xctest */,
			);
			name = Products;
			sourceTree = "<group>";
		};
/* End PBXGroup section */

/* Begin PBXNativeTarget section */
		FA12D4C92DA90AB80089F025 /* scale */ = {
			isa = PBXNativeTarget;
			buildConfigurationList = FA12D4EB2DA90AB90089F025 /* Build configuration list for PBXNativeTarget "scale" */;
			buildPhases = (
				FA12D4C62DA90AB80089F025 /* Sources */,
				FA12D4C72DA90AB80089F025 /* Frameworks */,
				FA12D4C82DA90AB80089F025 /* Resources */,
			);
			buildRules = (
			);
			dependencies = (
				FAC6CF932DB61A5800D17447 /* PBXTargetDependency */,
			);
			fileSystemSynchronizedGroups = (
				FA12D4CC2DA90AB80089F025 /* scale */,
			);
			name = scale;
			packageProductDependencies = (
				FA70DC0D2DB4EF76006976BA /* KeychainAccess */,
				FAC6CF892DB6198F00D17447 /* Algorithms */,
				FAC6CF8D2DB61A2F00D17447 /* OpenAPIRuntime */,
				FAC6CF902DB61A4100D17447 /* OpenAPIURLSession */,
			);
			productName = scale;
			productReference = FA12D4CA2DA90AB80089F025 /* scale.app */;
			productType = "com.apple.product-type.application";
		};
		FA12D4D62DA90AB90089F025 /* scaleTests */ = {
			isa = PBXNativeTarget;
			buildConfigurationList = FA12D4EE2DA90AB90089F025 /* Build configuration list for PBXNativeTarget "scaleTests" */;
			buildPhases = (
				FA12D4D32DA90AB90089F025 /* Sources */,
				FA12D4D42DA90AB90089F025 /* Frameworks */,
				FA12D4D52DA90AB90089F025 /* Resources */,
			);
			buildRules = (
			);
			dependencies = (
				FA12D4D92DA90AB90089F025 /* PBXTargetDependency */,
			);
			fileSystemSynchronizedGroups = (
				FA12D4DA2DA90AB90089F025 /* scaleTests */,
			);
			name = scaleTests;
			packageProductDependencies = (
			);
			productName = scaleTests;
			productReference = FA12D4D72DA90AB90089F025 /* scaleTests.xctest */;
			productType = "com.apple.product-type.bundle.unit-test";
		};
		FA12D4E02DA90AB90089F025 /* scaleUITests */ = {
			isa = PBXNativeTarget;
			buildConfigurationList = FA12D4F12DA90AB90089F025 /* Build configuration list for PBXNativeTarget "scaleUITests" */;
			buildPhases = (
				FA12D4DD2DA90AB90089F025 /* Sources */,
				FA12D4DE2DA90AB90089F025 /* Frameworks */,
				FA12D4DF2DA90AB90089F025 /* Resources */,
			);
			buildRules = (
			);
			dependencies = (
				FA12D4E32DA90AB90089F025 /* PBXTargetDependency */,
			);
			fileSystemSynchronizedGroups = (
				FA12D4E42DA90AB90089F025 /* scaleUITests */,
			);
			name = scaleUITests;
			packageProductDependencies = (
			);
			productName = scaleUITests;
			productReference = FA12D4E12DA90AB90089F025 /* scaleUITests.xctest */;
			productType = "com.apple.product-type.bundle.ui-testing";
		};
/* End PBXNativeTarget section */

/* Begin PBXProject section */
		FA12D4C22DA90AB80089F025 /* Project object */ = {
			isa = PBXProject;
			attributes = {
				BuildIndependentTargetsInParallel = 1;
				LastSwiftUpdateCheck = 1630;
				LastUpgradeCheck = 1630;
				TargetAttributes = {
					FA12D4C92DA90AB80089F025 = {
						CreatedOnToolsVersion = 16.3;
					};
					FA12D4D62DA90AB90089F025 = {
						CreatedOnToolsVersion = 16.3;
						TestTargetID = FA12D4C92DA90AB80089F025;
					};
					FA12D4E02DA90AB90089F025 = {
						CreatedOnToolsVersion = 16.3;
						TestTargetID = FA12D4C92DA90AB80089F025;
					};
				};
			};
			buildConfigurationList = FA12D4C52DA90AB80089F025 /* Build configuration list for PBXProject "scale" */;
			developmentRegion = en;
			hasScannedForEncodings = 0;
			knownRegions = (
				en,
				Base,
			);
			mainGroup = FA12D4C12DA90AB80089F025;
			minimizedProjectReferenceProxies = 1;
			packageReferences = (
				FA70DC0C2DB4EF09006976BA /* XCRemoteSwiftPackageReference "KeychainAccess" */,
				FAC6CF882DB6198F00D17447 /* XCRemoteSwiftPackageReference "swift-algorithms" */,
				FAC6CF8B2DB61A1F00D17447 /* XCRemoteSwiftPackageReference "swift-openapi-generator" */,
				FAC6CF8C2DB61A2F00D17447 /* XCRemoteSwiftPackageReference "swift-openapi-runtime" */,
				FAC6CF8F2DB61A4100D17447 /* XCRemoteSwiftPackageReference "swift-openapi-urlsession" */,
			);
			preferredProjectObjectVersion = 77;
			productRefGroup = FA12D4CB2DA90AB80089F025 /* Products */;
			projectDirPath = "";
			projectRoot = "";
			targets = (
				FA12D4C92DA90AB80089F025 /* scale */,
				FA12D4D62DA90AB90089F025 /* scaleTests */,
				FA12D4E02DA90AB90089F025 /* scaleUITests */,
			);
		};
/* End PBXProject section */

/* Begin PBXResourcesBuildPhase section */
		FA12D4C82DA90AB80089F025 /* Resources */ = {
			isa = PBXResourcesBuildPhase;
			buildActionMask = 2147483647;
			files = (
			);
			runOnlyForDeploymentPostprocessing = 0;
		};
		FA12D4D52DA90AB90089F025 /* Resources */ = {
			isa = PBXResourcesBuildPhase;
			buildActionMask = 2147483647;
			files = (
			);
			runOnlyForDeploymentPostprocessing = 0;
		};
		FA12D4DF2DA90AB90089F025 /* Resources */ = {
			isa = PBXResourcesBuildPhase;
			buildActionMask = 2147483647;
			files = (
			);
			runOnlyForDeploymentPostprocessing = 0;
		};
/* End PBXResourcesBuildPhase section */

/* Begin PBXSourcesBuildPhase section */
		FA12D4C62DA90AB80089F025 /* Sources */ = {
			isa = PBXSourcesBuildPhase;
			buildActionMask = 2147483647;
			files = (
			);
			runOnlyForDeploymentPostprocessing = 0;
		};
		FA12D4D32DA90AB90089F025 /* Sources */ = {
			isa = PBXSourcesBuildPhase;
			buildActionMask = 2147483647;
			files = (
			);
			runOnlyForDeploymentPostprocessing = 0;
		};
		FA12D4DD2DA90AB90089F025 /* Sources */ = {
			isa = PBXSourcesBuildPhase;
			buildActionMask = 2147483647;
			files = (
			);
			runOnlyForDeploymentPostprocessing = 0;
		};
/* End PBXSourcesBuildPhase section */

/* Begin PBXTargetDependency section */
		FA12D4D92DA90AB90089F025 /* PBXTargetDependency */ = {
			isa = PBXTargetDependency;
			target = FA12D4C92DA90AB80089F025 /* scale */;
			targetProxy = FA12D4D82DA90AB90089F025 /* PBXContainerItemProxy */;
		};
		FA12D4E32DA90AB90089F025 /* PBXTargetDependency */ = {
			isa = PBXTargetDependency;
			target = FA12D4C92DA90AB80089F025 /* scale */;
			targetProxy = FA12D4E22DA90AB90089F025 /* PBXContainerItemProxy */;
		};
		FAC6CF932DB61A5800D17447 /* PBXTargetDependency */ = {
			isa = PBXTargetDependency;
			productRef = FAC6CF922DB61A5800D17447 /* OpenAPIGenerator */;
		};
/* End PBXTargetDependency section */

/* Begin XCBuildConfiguration section */
		FA12D4E92DA90AB90089F025 /* Debug */ = {
			isa = XCBuildConfiguration;
			buildSettings = {
				ALWAYS_SEARCH_USER_PATHS = NO;
				ASSETCATALOG_COMPILER_GENERATE_SWIFT_ASSET_SYMBOL_EXTENSIONS = YES;
				CLANG_ANALYZER_NONNULL = YES;
				CLANG_ANALYZER_NUMBER_OBJECT_CONVERSION = YES_AGGRESSIVE;
				CLANG_CXX_LANGUAGE_STANDARD = "gnu++20";
				CLANG_ENABLE_MODULES = YES;
				CLANG_ENABLE_OBJC_ARC = YES;
				CLANG_ENABLE_OBJC_WEAK = YES;
				CLANG_WARN_BLOCK_CAPTURE_AUTORELEASING = YES;
				CLANG_WARN_BOOL_CONVERSION = YES;
				CLANG_WARN_COMMA = YES;
				CLANG_WARN_CONSTANT_CONVERSION = YES;
				CLANG_WARN_DEPRECATED_OBJC_IMPLEMENTATIONS = YES;
				CLANG_WARN_DIRECT_OBJC_ISA_USAGE = YES_ERROR;
				CLANG_WARN_DOCUMENTATION_COMMENTS = YES;
				CLANG_WARN_EMPTY_BODY = YES;
				CLANG_WARN_ENUM_CONVERSION = YES;
				CLANG_WARN_INFINITE_RECURSION = YES;
				CLANG_WARN_INT_CONVERSION = YES;
				CLANG_WARN_NON_LITERAL_NULL_CONVERSION = YES;
				CLANG_WARN_OBJC_IMPLICIT_RETAIN_SELF = YES;
				CLANG_WARN_OBJC_LITERAL_CONVERSION = YES;
				CLANG_WARN_OBJC_ROOT_CLASS = YES_ERROR;
				CLANG_WARN_QUOTED_INCLUDE_IN_FRAMEWORK_HEADER = YES;
				CLANG_WARN_RANGE_LOOP_ANALYSIS = YES;
				CLANG_WARN_STRICT_PROTOTYPES = YES;
				CLANG_WARN_SUSPICIOUS_MOVE = YES;
				CLANG_WARN_UNGUARDED_AVAILABILITY = YES_AGGRESSIVE;
				CLANG_WARN_UNREACHABLE_CODE = YES;
				CLANG_WARN__DUPLICATE_METHOD_MATCH = YES;
				COPY_PHASE_STRIP = NO;
				DEBUG_INFORMATION_FORMAT = dwarf;
				ENABLE_STRICT_OBJC_MSGSEND = YES;
				ENABLE_TESTABILITY = YES;
				ENABLE_USER_SCRIPT_SANDBOXING = YES;
				GCC_C_LANGUAGE_STANDARD = gnu17;
				GCC_DYNAMIC_NO_PIC = NO;
				GCC_NO_COMMON_BLOCKS = YES;
				GCC_OPTIMIZATION_LEVEL = 0;
				GCC_PREPROCESSOR_DEFINITIONS = (
					"DEBUG=1",
					"$(inherited)",
				);
				GCC_WARN_64_TO_32_BIT_CONVERSION = YES;
				GCC_WARN_ABOUT_RETURN_TYPE = YES_ERROR;
				GCC_WARN_UNDECLARED_SELECTOR = YES;
				GCC_WARN_UNINITIALIZED_AUTOS = YES_AGGRESSIVE;
				GCC_WARN_UNUSED_FUNCTION = YES;
				GCC_WARN_UNUSED_VARIABLE = YES;
				IPHONEOS_DEPLOYMENT_TARGET = 18.4;
				LOCALIZATION_PREFERS_STRING_CATALOGS = YES;
				MTL_ENABLE_DEBUG_INFO = INCLUDE_SOURCE;
				MTL_FAST_MATH = YES;
				ONLY_ACTIVE_ARCH = YES;
				SDKROOT = iphoneos;
				SWIFT_ACTIVE_COMPILATION_CONDITIONS = "DEBUG $(inherited)";
				SWIFT_OPTIMIZATION_LEVEL = "-Onone";
			};
			name = Debug;
		};
		FA12D4EA2DA90AB90089F025 /* Release */ = {
			isa = XCBuildConfiguration;
			buildSettings = {
				ALWAYS_SEARCH_USER_PATHS = NO;
				ASSETCATALOG_COMPILER_GENERATE_SWIFT_ASSET_SYMBOL_EXTENSIONS = YES;
				CLANG_ANALYZER_NONNULL = YES;
				CLANG_ANALYZER_NUMBER_OBJECT_CONVERSION = YES_AGGRESSIVE;
				CLANG_CXX_LANGUAGE_STANDARD = "gnu++20";
				CLANG_ENABLE_MODULES = YES;
				CLANG_ENABLE_OBJC_ARC = YES;
				CLANG_ENABLE_OBJC_WEAK = YES;
				CLANG_WARN_BLOCK_CAPTURE_AUTORELEASING = YES;
				CLANG_WARN_BOOL_CONVERSION = YES;
				CLANG_WARN_COMMA = YES;
				CLANG_WARN_CONSTANT_CONVERSION = YES;
				CLANG_WARN_DEPRECATED_OBJC_IMPLEMENTATIONS = YES;
				CLANG_WARN_DIRECT_OBJC_ISA_USAGE = YES_ERROR;
				CLANG_WARN_DOCUMENTATION_COMMENTS = YES;
				CLANG_WARN_EMPTY_BODY = YES;
				CLANG_WARN_ENUM_CONVERSION = YES;
				CLANG_WARN_INFINITE_RECURSION = YES;
				CLANG_WARN_INT_CONVERSION = YES;
				CLANG_WARN_NON_LITERAL_NULL_CONVERSION = YES;
				CLANG_WARN_OBJC_IMPLICIT_RETAIN_SELF = YES;
				CLANG_WARN_OBJC_LITERAL_CONVERSION = YES;
				CLANG_WARN_OBJC_ROOT_CLASS = YES_ERROR;
				CLANG_WARN_QUOTED_INCLUDE_IN_FRAMEWORK_HEADER = YES;
				CLANG_WARN_RANGE_LOOP_ANALYSIS = YES;
				CLANG_WARN_STRICT_PROTOTYPES = YES;
				CLANG_WARN_SUSPICIOUS_MOVE = YES;
				CLANG_WARN_UNGUARDED_AVAILABILITY = YES_AGGRESSIVE;
				CLANG_WARN_UNREACHABLE_CODE = YES;
				CLANG_WARN__DUPLICATE_METHOD_MATCH = YES;
				COPY_PHASE_STRIP = NO;
				DEBUG_INFORMATION_FORMAT = "dwarf-with-dsym";
				ENABLE_NS_ASSERTIONS = NO;
				ENABLE_STRICT_OBJC_MSGSEND = YES;
				ENABLE_USER_SCRIPT_SANDBOXING = YES;
				GCC_C_LANGUAGE_STANDARD = gnu17;
				GCC_NO_COMMON_BLOCKS = YES;
				GCC_WARN_64_TO_32_BIT_CONVERSION = YES;
				GCC_WARN_ABOUT_RETURN_TYPE = YES_ERROR;
				GCC_WARN_UNDECLARED_SELECTOR = YES;
				GCC_WARN_UNINITIALIZED_AUTOS = YES_AGGRESSIVE;
				GCC_WARN_UNUSED_FUNCTION = YES;
				GCC_WARN_UNUSED_VARIABLE = YES;
				IPHONEOS_DEPLOYMENT_TARGET = 18.4;
				LOCALIZATION_PREFERS_STRING_CATALOGS = YES;
				MTL_ENABLE_DEBUG_INFO = NO;
				MTL_FAST_MATH = YES;
				SDKROOT = iphoneos;
				SWIFT_COMPILATION_MODE = wholemodule;
				VALIDATE_PRODUCT = YES;
			};
			name = Release;
		};
		FA12D4EC2DA90AB90089F025 /* Debug */ = {
			isa = XCBuildConfiguration;
			buildSettings = {
				ASSETCATALOG_COMPILER_APPICON_NAME = AppIcon;
				ASSETCATALOG_COMPILER_GLOBAL_ACCENT_COLOR_NAME = AccentColor;
				CODE_SIGN_STYLE = Automatic;
				CURRENT_PROJECT_VERSION = 1;
				DEVELOPMENT_TEAM = M9VT4RTT9Z;
				ENABLE_PREVIEWS = YES;
				GENERATE_INFOPLIST_FILE = YES;
				INFOPLIST_KEY_LSApplicationCategoryType = "public.app-category.healthcare-fitness";
				INFOPLIST_KEY_UIApplicationSceneManifest_Generation = YES;
				INFOPLIST_KEY_UIApplicationSupportsIndirectInputEvents = YES;
				INFOPLIST_KEY_UILaunchScreen_Generation = YES;
				INFOPLIST_KEY_UISupportedInterfaceOrientations_iPad = "UIInterfaceOrientationPortrait UIInterfaceOrientationPortraitUpsideDown UIInterfaceOrientationLandscapeLeft UIInterfaceOrientationLandscapeRight";
				INFOPLIST_KEY_UISupportedInterfaceOrientations_iPhone = "UIInterfaceOrientationPortrait UIInterfaceOrientationLandscapeLeft UIInterfaceOrientationLandscapeRight";
				LD_RUNPATH_SEARCH_PATHS = (
					"$(inherited)",
					"@executable_path/Frameworks",
				);
				MARKETING_VERSION = 1.0;
				PRODUCT_BUNDLE_IDENTIFIER = icu.ayo.scale;
				PRODUCT_NAME = "$(TARGET_NAME)";
				SWIFT_EMIT_LOC_STRINGS = YES;
				SWIFT_VERSION = 5.0;
				TARGETED_DEVICE_FAMILY = "1,2";
			};
			name = Debug;
		};
		FA12D4ED2DA90AB90089F025 /* Release */ = {
			isa = XCBuildConfiguration;
			buildSettings = {
				ASSETCATALOG_COMPILER_APPICON_NAME = AppIcon;
				ASSETCATALOG_COMPILER_GLOBAL_ACCENT_COLOR_NAME = AccentColor;
				CODE_SIGN_STYLE = Automatic;
				CURRENT_PROJECT_VERSION = 1;
				DEVELOPMENT_TEAM = M9VT4RTT9Z;
				ENABLE_PREVIEWS = YES;
				GENERATE_INFOPLIST_FILE = YES;
				INFOPLIST_KEY_LSApplicationCategoryType = "public.app-category.healthcare-fitness";
				INFOPLIST_KEY_UIApplicationSceneManifest_Generation = YES;
				INFOPLIST_KEY_UIApplicationSupportsIndirectInputEvents = YES;
				INFOPLIST_KEY_UILaunchScreen_Generation = YES;
				INFOPLIST_KEY_UISupportedInterfaceOrientations_iPad = "UIInterfaceOrientationPortrait UIInterfaceOrientationPortraitUpsideDown UIInterfaceOrientationLandscapeLeft UIInterfaceOrientationLandscapeRight";
				INFOPLIST_KEY_UISupportedInterfaceOrientations_iPhone = "UIInterfaceOrientationPortrait UIInterfaceOrientationLandscapeLeft UIInterfaceOrientationLandscapeRight";
				LD_RUNPATH_SEARCH_PATHS = (
					"$(inherited)",
					"@executable_path/Frameworks",
				);
				MARKETING_VERSION = 1.0;
				PRODUCT_BUNDLE_IDENTIFIER = icu.ayo.scale;
				PRODUCT_NAME = "$(TARGET_NAME)";
				SWIFT_EMIT_LOC_STRINGS = YES;
				SWIFT_VERSION = 5.0;
				TARGETED_DEVICE_FAMILY = "1,2";
			};
			name = Release;
		};
		FA12D4EF2DA90AB90089F025 /* Debug */ = {
			isa = XCBuildConfiguration;
			buildSettings = {
				BUNDLE_LOADER = "$(TEST_HOST)";
				CODE_SIGN_STYLE = Automatic;
				CURRENT_PROJECT_VERSION = 1;
				GENERATE_INFOPLIST_FILE = YES;
				IPHONEOS_DEPLOYMENT_TARGET = 18.4;
				MARKETING_VERSION = 1.0;
				PRODUCT_BUNDLE_IDENTIFIER = icu.ayo.scaleTests;
				PRODUCT_NAME = "$(TARGET_NAME)";
				SWIFT_EMIT_LOC_STRINGS = NO;
				SWIFT_VERSION = 5.0;
				TARGETED_DEVICE_FAMILY = "1,2";
				TEST_HOST = "$(BUILT_PRODUCTS_DIR)/scale.app/$(BUNDLE_EXECUTABLE_FOLDER_PATH)/scale";
			};
			name = Debug;
		};
		FA12D4F02DA90AB90089F025 /* Release */ = {
			isa = XCBuildConfiguration;
			buildSettings = {
				BUNDLE_LOADER = "$(TEST_HOST)";
				CODE_SIGN_STYLE = Automatic;
				CURRENT_PROJECT_VERSION = 1;
				GENERATE_INFOPLIST_FILE = YES;
				IPHONEOS_DEPLOYMENT_TARGET = 18.4;
				MARKETING_VERSION = 1.0;
				PRODUCT_BUNDLE_IDENTIFIER = icu.ayo.scaleTests;
				PRODUCT_NAME = "$(TARGET_NAME)";
				SWIFT_EMIT_LOC_STRINGS = NO;
				SWIFT_VERSION = 5.0;
				TARGETED_DEVICE_FAMILY = "1,2";
				TEST_HOST = "$(BUILT_PRODUCTS_DIR)/scale.app/$(BUNDLE_EXECUTABLE_FOLDER_PATH)/scale";
			};
			name = Release;
		};
		FA12D4F22DA90AB90089F025 /* Debug */ = {
			isa = XCBuildConfiguration;
			buildSettings = {
				CODE_SIGN_STYLE = Automatic;
				CURRENT_PROJECT_VERSION = 1;
				GENERATE_INFOPLIST_FILE = YES;
				MARKETING_VERSION = 1.0;
				PRODUCT_BUNDLE_IDENTIFIER = icu.ayo.scaleUITests;
				PRODUCT_NAME = "$(TARGET_NAME)";
				SWIFT_EMIT_LOC_STRINGS = NO;
				SWIFT_VERSION = 5.0;
				TARGETED_DEVICE_FAMILY = "1,2";
				TEST_TARGET_NAME = scale;
			};
			name = Debug;
		};
		FA12D4F32DA90AB90089F025 /* Release */ = {
			isa = XCBuildConfiguration;
			buildSettings = {
				CODE_SIGN_STYLE = Automatic;
				CURRENT_PROJECT_VERSION = 1;
				GENERATE_INFOPLIST_FILE = YES;
				MARKETING_VERSION = 1.0;
				PRODUCT_BUNDLE_IDENTIFIER = icu.ayo.scaleUITests;
				PRODUCT_NAME = "$(TARGET_NAME)";
				SWIFT_EMIT_LOC_STRINGS = NO;
				SWIFT_VERSION = 5.0;
				TARGETED_DEVICE_FAMILY = "1,2";
				TEST_TARGET_NAME = scale;
			};
			name = Release;
		};
/* End XCBuildConfiguration section */

/* Begin XCConfigurationList section */
		FA12D4C52DA90AB80089F025 /* Build configuration list for PBXProject "scale" */ = {
			isa = XCConfigurationList;
			buildConfigurations = (
				FA12D4E92DA90AB90089F025 /* Debug */,
				FA12D4EA2DA90AB90089F025 /* Release */,
			);
			defaultConfigurationIsVisible = 0;
			defaultConfigurationName = Release;
		};
		FA12D4EB2DA90AB90089F025 /* Build configuration list for PBXNativeTarget "scale" */ = {
			isa = XCConfigurationList;
			buildConfigurations = (
				FA12D4EC2DA90AB90089F025 /* Debug */,
				FA12D4ED2DA90AB90089F025 /* Release */,
			);
			defaultConfigurationIsVisible = 0;
			defaultConfigurationName = Release;
		};
		FA12D4EE2DA90AB90089F025 /* Build configuration list for PBXNativeTarget "scaleTests" */ = {
			isa = XCConfigurationList;
			buildConfigurations = (
				FA12D4EF2DA90AB90089F025 /* Debug */,
				FA12D4F02DA90AB90089F025 /* Release */,
			);
			defaultConfigurationIsVisible = 0;
			defaultConfigurationName = Release;
		};
		FA12D4F12DA90AB90089F025 /* Build configuration list for PBXNativeTarget "scaleUITests" */ = {
			isa = XCConfigurationList;
			buildConfigurations = (
				FA12D4F22DA90AB90089F025 /* Debug */,
				FA12D4F32DA90AB90089F025 /* Release */,
			);
			defaultConfigurationIsVisible = 0;
			defaultConfigurationName = Release;
		};
/* End XCConfigurationList section */

/* Begin XCRemoteSwiftPackageReference section */
		FA70DC0C2DB4EF09006976BA /* XCRemoteSwiftPackageReference "KeychainAccess" */ = {
			isa = XCRemoteSwiftPackageReference;
			repositoryURL = "https://github.com/kishikawakatsumi/KeychainAccess";
			requirement = {
				kind = upToNextMajorVersion;
				minimumVersion = 4.2.2;
			};
		};
		FAC6CF882DB6198F00D17447 /* XCRemoteSwiftPackageReference "swift-algorithms" */ = {
			isa = XCRemoteSwiftPackageReference;
			repositoryURL = "https://github.com/apple/swift-algorithms.git";
			requirement = {
				kind = upToNextMajorVersion;
				minimumVersion = 1.2.1;
			};
		};
		FAC6CF8B2DB61A1F00D17447 /* XCRemoteSwiftPackageReference "swift-openapi-generator" */ = {
			isa = XCRemoteSwiftPackageReference;
			repositoryURL = "https://github.com/apple/swift-openapi-generator";
			requirement = {
				kind = upToNextMajorVersion;
				minimumVersion = 1.7.2;
			};
		};
		FAC6CF8C2DB61A2F00D17447 /* XCRemoteSwiftPackageReference "swift-openapi-runtime" */ = {
			isa = XCRemoteSwiftPackageReference;
			repositoryURL = "https://github.com/apple/swift-openapi-runtime";
			requirement = {
				kind = upToNextMajorVersion;
				minimumVersion = 1.8.2;
			};
		};
		FAC6CF8F2DB61A4100D17447 /* XCRemoteSwiftPackageReference "swift-openapi-urlsession" */ = {
			isa = XCRemoteSwiftPackageReference;
			repositoryURL = "https://github.com/apple/swift-openapi-urlsession";
			requirement = {
				kind = upToNextMajorVersion;
				minimumVersion = 1.1.0;
			};
		};
/* End XCRemoteSwiftPackageReference section */

/* Begin XCSwiftPackageProductDependency section */
		FA70DC0D2DB4EF76006976BA /* KeychainAccess */ = {
			isa = XCSwiftPackageProductDependency;
			package = FA70DC0C2DB4EF09006976BA /* XCRemoteSwiftPackageReference "KeychainAccess" */;
			productName = KeychainAccess;
		};
		FAC6CF892DB6198F00D17447 /* Algorithms */ = {
			isa = XCSwiftPackageProductDependency;
			package = FAC6CF882DB6198F00D17447 /* XCRemoteSwiftPackageReference "swift-algorithms" */;
			productName = Algorithms;
		};
		FAC6CF8D2DB61A2F00D17447 /* OpenAPIRuntime */ = {
			isa = XCSwiftPackageProductDependency;
			package = FAC6CF8C2DB61A2F00D17447 /* XCRemoteSwiftPackageReference "swift-openapi-runtime" */;
			productName = OpenAPIRuntime;
		};
		FAC6CF902DB61A4100D17447 /* OpenAPIURLSession */ = {
			isa = XCSwiftPackageProductDependency;
			package = FAC6CF8F2DB61A4100D17447 /* XCRemoteSwiftPackageReference "swift-openapi-urlsession" */;
			productName = OpenAPIURLSession;
		};
		FAC6CF922DB61A5800D17447 /* OpenAPIGenerator */ = {
			isa = XCSwiftPackageProductDependency;
			package = FAC6CF8B2DB61A1F00D17447 /* XCRemoteSwiftPackageReference "swift-openapi-generator" */;
			productName = "plugin:OpenAPIGenerator";
		};
/* End XCSwiftPackageProductDependency section */
	};
	rootObject = FA12D4C22DA90AB80089F025 /* Project object */;
}
